Microsoft Visual Studio Solution File, Format Version 12.00
# Visual Studio Version 17
VisualStudioVersion = 17.5.2.0
MinimumVisualStudioVersion = 10.0.40219.1
Project("{2150E333-8FDC-42A3-9474-1A3956D46DE8}") = "rpi-rgb-led-matrix", "rpi-rgb-led-matrix", "{EF04B213-FC8E-D61A-D123-67B9F848FC6E}"
EndProject
Project("{2150E333-8FDC-42A3-9474-1A3956D46DE8}") = "bindings", "bindings", "{34EEC31D-4EB1-666A-C406-BE819A62C89E}"
EndProject
Project("{FAE04EC0-301F-11D3-BF4B-00C04F79EFBC}") = "RPiRgbLEDMatrix", "rpi-rgb-led-matrix\bindings\c#\RPiRgbLEDMatrix.csproj", "{E9AB487F-E285-896C-EFCF-D8311CA10A8B}"
EndProject
Project("{2150E333-8FDC-42A3-9474-1A3956D46DE8}") = "c#", "c#", "{AD147B02-B9DB-7418-27FB-F7F3769FF29D}"
EndProject
Project("{2150E333-8FDC-42A3-9474-1A3956D46DE8}") = "examples", "examples", "{FFE467E0-DF3B-CDDF-4A3D-00EFD625DEF2}"
EndProject
Project("{FAE04EC0-301F-11D3-BF4B-00C04F79EFBC}") = "FontExample", "rpi-rgb-led-matrix\bindings\c#\examples\FontExample\FontExample.csproj", "{DBFD2CDD-CE92-BF50-FF37-47F6F19F46DC}"
EndProject
Project("{FAE04EC0-301F-11D3-BF4B-00C04F79EFBC}") = "PlayGIF", "rpi-rgb-led-matrix\bindings\c#\examples\PlayGIF\PlayGIF.csproj", "{DE3C1602-99B4-26F0-A6E1-A0DDF4191103}"
EndProject
Project("{FAE04EC0-301F-11D3-BF4B-00C04F79EFBC}") = "MinimalExample", "rpi-rgb-led-matrix\bindings\c#\examples\MinimalExample\MinimalExample.csproj", "{6C311282-1CCB-68A6-33BC-E4933DFC0F65}"
EndProject
Project("{FAE04EC0-301F-11D3-BF4B-00C04F79EFBC}") = "PulsingBrightness", "rpi-rgb-led-matrix\bindings\c#\examples\PulsingBrightness\PulsingBrightness.csproj", "{64AB416F-39F3-462A-6252-E1010F088E13}"
EndProject
Project("{FAE04EC0-301F-11D3-BF4B-00C04F79EFBC}") = "MatrixRain", "rpi-rgb-led-matrix\bindings\c#\examples\MatrixRain\MatrixRain.csproj", "{A3B3BA55-77F8-6A19-5D05-ABF9E051AC4A}"
EndProject
Project("{FAE04EC0-301F-11D3-BF4B-00C04F79EFBC}") = "Rotating3DCube", "rpi-rgb-led-matrix\bindings\c#\examples\Rotating3DCube\Rotating3DCube.csproj", "{1404E0F4-AFAA-C46D-3BD9-786E13B60D6A}"
EndProject
Global
	GlobalSection(SolutionConfigurationPlatforms) = preSolution
		Debug|Any CPU = Debug|Any CPU
		Release|Any CPU = Release|Any CPU
	EndGlobalSection
	GlobalSection(ProjectConfigurationPlatforms) = postSolution
		{E9AB487F-E285-896C-EFCF-D8311CA10A8B}.Debug|Any CPU.ActiveCfg = Debug|Any CPU
		{E9AB487F-E285-896C-EFCF-D8311CA10A8B}.Debug|Any CPU.Build.0 = Debug|Any CPU
		{E9AB487F-E285-896C-EFCF-D8311CA10A8B}.Release|Any CPU.ActiveCfg = Release|Any CPU
		{E9AB487F-E285-896C-EFCF-D8311CA10A8B}.Release|Any CPU.Build.0 = Release|Any CPU
		{DBFD2CDD-CE92-BF50-FF37-47F6F19F46DC}.Debug|Any CPU.ActiveCfg = Debug|Any CPU
		{DBFD2CDD-CE92-BF50-FF37-47F6F19F46DC}.Debug|Any CPU.Build.0 = Debug|Any CPU
		{DBFD2CDD-CE92-BF50-FF37-47F6F19F46DC}.Release|Any CPU.ActiveCfg = Release|Any CPU
		{DBFD2CDD-CE92-BF50-FF37-47F6F19F46DC}.Release|Any CPU.Build.0 = Release|Any CPU
		{DE3C1602-99B4-26F0-A6E1-A0DDF4191103}.Debug|Any CPU.ActiveCfg = Debug|Any CPU
		{DE3C1602-99B4-26F0-A6E1-A0DDF4191103}.Debug|Any CPU.Build.0 = Debug|Any CPU
		{DE3C1602-99B4-26F0-A6E1-A0DDF4191103}.Release|Any CPU.ActiveCfg = Release|Any CPU
		{DE3C1602-99B4-26F0-A6E1-A0DDF4191103}.Release|Any CPU.Build.0 = Release|Any CPU
		{6C311282-1CCB-68A6-33BC-E4933DFC0F65}.Debug|Any CPU.ActiveCfg = Debug|Any CPU
		{6C311282-1CCB-68A6-33BC-E4933DFC0F65}.Debug|Any CPU.Build.0 = Debug|Any CPU
		{6C311282-1CCB-68A6-33BC-E4933DFC0F65}.Release|Any CPU.ActiveCfg = Release|Any CPU
		{6C311282-1CCB-68A6-33BC-E4933DFC0F65}.Release|Any CPU.Build.0 = Release|Any CPU
		{64AB416F-39F3-462A-6252-E1010F088E13}.Debug|Any CPU.ActiveCfg = Debug|Any CPU
		{64AB416F-39F3-462A-6252-E1010F088E13}.Debug|Any CPU.Build.0 = Debug|Any CPU
		{64AB416F-39F3-462A-6252-E1010F088E13}.Release|Any CPU.ActiveCfg = Release|Any CPU
		{64AB416F-39F3-462A-6252-E1010F088E13}.Release|Any CPU.Build.0 = Release|Any CPU
		{A3B3BA55-77F8-6A19-5D05-ABF9E051AC4A}.Debug|Any CPU.ActiveCfg = Debug|Any CPU
		{A3B3BA55-77F8-6A19-5D05-ABF9E051AC4A}.Debug|Any CPU.Build.0 = Debug|Any CPU
		{A3B3BA55-77F8-6A19-5D05-ABF9E051AC4A}.Release|Any CPU.ActiveCfg = Release|Any CPU
		{A3B3BA55-77F8-6A19-5D05-ABF9E051AC4A}.Release|Any CPU.Build.0 = Release|Any CPU
		{1404E0F4-AFAA-C46D-3BD9-786E13B60D6A}.Debug|Any CPU.ActiveCfg = Debug|Any CPU
		{1404E0F4-AFAA-C46D-3BD9-786E13B60D6A}.Debug|Any CPU.Build.0 = Debug|Any CPU
		{1404E0F4-AFAA-C46D-3BD9-786E13B60D6A}.Release|Any CPU.ActiveCfg = Release|Any CPU
		{1404E0F4-AFAA-C46D-3BD9-786E13B60D6A}.Release|Any CPU.Build.0 = Release|Any CPU
	EndGlobalSection
	GlobalSection(SolutionProperties) = preSolution
		HideSolutionNode = FALSE
	EndGlobalSection
	GlobalSection(NestedProjects) = preSolution
		{34EEC31D-4EB1-666A-C406-BE819A62C89E} = {EF04B213-FC8E-D61A-D123-67B9F848FC6E}
		{E9AB487F-E285-896C-EFCF-D8311CA10A8B} = {34EEC31D-4EB1-666A-C406-BE819A62C89E}
		{AD147B02-B9DB-7418-27FB-F7F3769FF29D} = {34EEC31D-4EB1-666A-C406-BE819A62C89E}
		{FFE467E0-DF3B-CDDF-4A3D-00EFD625DEF2} = {AD147B02-B9DB-7418-27FB-F7F3769FF29D}
		{DBFD2CDD-CE92-BF50-FF37-47F6F19F46DC} = {FFE467E0-DF3B-CDDF-4A3D-00EFD625DEF2}
		{DE3C1602-99B4-26F0-A6E1-A0DDF4191103} = {FFE467E0-DF3B-CDDF-4A3D-00EFD625DEF2}
		{6C311282-1CCB-68A6-33BC-E4933DFC0F65} = {FFE467E0-DF3B-CDDF-4A3D-00EFD625DEF2}
		{64AB416F-39F3-462A-6252-E1010F088E13} = {FFE467E0-DF3B-CDDF-4A3D-00EFD625DEF2}
		{A3B3BA55-77F8-6A19-5D05-ABF9E051AC4A} = {FFE467E0-DF3B-CDDF-4A3D-00EFD625DEF2}
		{1404E0F4-AFAA-C46D-3BD9-786E13B60D6A} = {FFE467E0-DF3B-CDDF-4A3D-00EFD625DEF2}
	EndGlobalSection
	GlobalSection(ExtensibilityGlobals) = postSolution
		SolutionGuid = {925350E7-3A40-437C-9AA2-721012C26BCD}
	EndGlobalSection
EndGlobal
